
Microsoft Visual Studio Solution File, Format Version 12.00
# Visual Studio Version 16
VisualStudioVersion = 16.0.31911.196
MinimumVisualStudioVersion = 10.0.40219.1
Project("{9A19103F-16F7-4668-BE54-9A1E7A4F7556}") = "UnitTest_Mock", "UnitTest_Mock\UnitTest_Mock.csproj", "{E7BB4A19-6F1A-4CFC-815A-BB5B99B8907C}"
EndProject
Project("{9A19103F-16F7-4668-BE54-9A1E7A4F7556}") = "TestSesi12", "TestSesi12\TestSesi12.csproj", "{299F7973-66FC-4CBE-9053-DC80E4FCFBD6}"
EndProject
Global
	GlobalSection(SolutionConfigurationPlatforms) = preSolution
		Debug|Any CPU = Debug|Any CPU
		Release|Any CPU = Release|Any CPU
	EndGlobalSection
	GlobalSection(ProjectConfigurationPlatforms) = postSolution
		{E7BB4A19-6F1A-4CFC-815A-BB5B99B8907C}.Debug|Any CPU.ActiveCfg = Debug|Any CPU
		{E7BB4A19-6F1A-4CFC-815A-BB5B99B8907C}.Debug|Any CPU.Build.0 = Debug|Any CPU
		{E7BB4A19-6F1A-4CFC-815A-BB5B99B8907C}.Release|Any CPU.ActiveCfg = Release|Any CPU
		{E7BB4A19-6F1A-4CFC-815A-BB5B99B8907C}.Release|Any CPU.Build.0 = Release|Any CPU
		{299F7973-66FC-4CBE-9053-DC80E4FCFBD6}.Debug|Any CPU.ActiveCfg = Debug|Any CPU
		{299F7973-66FC-4CBE-9053-DC80E4FCFBD6}.Debug|Any CPU.Build.0 = Debug|Any CPU
		{299F7973-66FC-4CBE-9053-DC80E4FCFBD6}.Release|Any CPU.ActiveCfg = Release|Any CPU
		{299F7973-66FC-4CBE-9053-DC80E4FCFBD6}.Release|Any CPU.Build.0 = Release|Any CPU
	EndGlobalSection
	GlobalSection(SolutionProperties) = preSolution
		HideSolutionNode = FALSE
	EndGlobalSection
	GlobalSection(ExtensibilityGlobals) = postSolution
		SolutionGuid = {5D6DB647-6C32-455D-970B-47B031B758DF}
	EndGlobalSection
EndGlobal
